// !$*UTF8*$!
{
	archiveVersion = 1;
	classes = {
	};
	objectVersion = 50;
	objects = {

/* Begin PBXBuildFile section */
		4C7041D4256C74940010EA4C /* KeyChainTestApp.swift in Sources */ = {isa = PBXBuildFile; fileRef = 4C7041D3256C74940010EA4C /* KeyChainTestApp.swift */; };
		4C7041D6256C74940010EA4C /* ContentView.swift in Sources */ = {isa = PBXBuildFile; fileRef = 4C7041D5256C74940010EA4C /* ContentView.swift */; };
		4C7041D8256C74950010EA4C /* Assets.xcassets in Resources */ = {isa = PBXBuildFile; fileRef = 4C7041D7256C74950010EA4C /* Assets.xcassets */; };
		4C7041DB256C74950010EA4C /* Preview Assets.xcassets in Resources */ = {isa = PBXBuildFile; fileRef = 4C7041DA256C74950010EA4C /* Preview Assets.xcassets */; };
		4C9523DC257021F500454D9E /* BiometricKeychain.swift in Sources */ = {isa = PBXBuildFile; fileRef = 4C9523DB257021F500454D9E /* BiometricKeychain.swift */; };
/* End PBXBuildFile section */

/* Begin PBXFileReference section */
		4C7041D0256C74940010EA4C /* KeyChainTest.app */ = {isa = PBXFileReference; explicitFileType = wrapper.application; includeInIndex = 0; path = KeyChainTest.app; sourceTree = BUILT_PRODUCTS_DIR; };
		4C7041D3256C74940010EA4C /* KeyChainTestApp.swift */ = {isa = PBXFileReference; lastKnownFileType = sourcecode.swift; path = KeyChainTestApp.swift; sourceTree = "<group>"; };
		4C7041D5256C74940010EA4C /* ContentView.swift */ = {isa = PBXFileReference; lastKnownFileType = sourcecode.swift; path = ContentView.swift; sourceTree = "<group>"; };
		4C7041D7256C74950010EA4C /* Assets.xcassets */ = {isa = PBXFileReference; lastKnownFileType = folder.assetcatalog; path = Assets.xcassets; sourceTree = "<group>"; };
		4C7041DA256C74950010EA4C /* Preview Assets.xcassets */ = {isa = PBXFileReference; lastKnownFileType = folder.assetcatalog; path = "Preview Assets.xcassets"; sourceTree = "<group>"; };
		4C7041DC256C74950010EA4C /* Info.plist */ = {isa = PBXFileReference; lastKnownFileType = text.plist.xml; path = Info.plist; sourceTree = "<group>"; };
		4C9523DB257021F500454D9E /* BiometricKeychain.swift */ = {isa = PBXFileReference; lastKnownFileType = sourcecode.swift; path = BiometricKeychain.swift; sourceTree = "<group>"; };
/* End PBXFileReference section */

/* Begin PBXFrameworksBuildPhase section */
		4C7041CD256C74940010EA4C /* Frameworks */ = {
			isa = PBXFrameworksBuildPhase;
			buildActionMask = 2147483647;
			files = (
			);
			runOnlyForDeploymentPostprocessing = 0;
		};
/* End PBXFrameworksBuildPhase section */

/* Begin PBXGroup section */
		4C7041C7256C74940010EA4C = {
			isa = PBXGroup;
			children = (
				4C7041D2256C74940010EA4C /* KeyChainTest */,
				4C7041D1256C74940010EA4C /* Products */,
			);
			sourceTree = "<group>";
		};
		4C7041D1256C74940010EA4C /* Products */ = {
			isa = PBXGroup;
			children = (
				4C7041D0256C74940010EA4C /* KeyChainTest.app */,
			);
			name = Products;
			sourceTree = "<group>";
		};
		4C7041D2256C74940010EA4C /* KeyChainTest */ = {
			isa = PBXGroup;
			children = (
				4C7041D3256C74940010EA4C /* KeyChainTestApp.swift */,
				4C7041D5256C74940010EA4C /* ContentView.swift */,
				4C9523DB257021F500454D9E /* BiometricKeychain.swift */,
				4C7041D7256C74950010EA4C /* Assets.xcassets */,
				4C7041DC256C74950010EA4C /* Info.plist */,
				4C7041D9256C74950010EA4C /* Preview Content */,
			);
			path = KeyChainTest;
			sourceTree = "<group>";
		};
		4C7041D9256C74950010EA4C /* Preview Content */ = {
			isa = PBXGroup;
			children = (
				4C7041DA256C74950010EA4C /* Preview Assets.xcassets */,
			);
			path = "Preview Content";
			sourceTree = "<group>";
		};
/* End PBXGroup section */

/* Begin PBXNativeTarget section */
		4C7041CF256C74940010EA4C /* KeyChainTest */ = {
			isa = PBXNativeTarget;
			buildConfigurationList = 4C7041DF256C74950010EA4C /* Build configuration list for PBXNativeTarget "KeyChainTest" */;
			buildPhases = (
				4C7041CC256C74940010EA4C /* Sources */,
				4C7041CD256C74940010EA4C /* Frameworks */,
				4C7041CE256C74940010EA4C /* Resources */,
			);
			buildRules = (
			);
			dependencies = (
			);
			name = KeyChainTest;
			packageProductDependencies = (
			);
			productName = KeyChainTest;
			productReference = 4C7041D0256C74940010EA4C /* KeyChainTest.app */;
			productType = "com.apple.product-type.application";
		};
/* End PBXNativeTarget section */

/* Begin PBXProject section */
		4C7041C8256C74940010EA4C /* Project object */ = {
			isa = PBXProject;
			attributes = {
				LastSwiftUpdateCheck = 1220;
				LastUpgradeCheck = 1220;
				TargetAttributes = {
					4C7041CF256C74940010EA4C = {
						CreatedOnToolsVersion = 12.2;
					};
				};
			};
			buildConfigurationList = 4C7041CB256C74940010EA4C /* Build configuration list for PBXProject "KeyChainTest" */;
			compatibilityVersion = "Xcode 9.3";
			developmentRegion = en;
			hasScannedForEncodings = 0;
			knownRegions = (
				en,
				Base,
			);
			mainGroup = 4C7041C7256C74940010EA4C;
			packageReferences = (
			);
			productRefGroup = 4C7041D1256C74940010EA4C /* Products */;
			projectDirPath = "";
			projectRoot = "";
			targets = (
				4C7041CF256C74940010EA4C /* KeyChainTest */,
			);
		};
/* End PBXProject section */

/* Begin PBXResourcesBuildPhase section */
		4C7041CE256C74940010EA4C /* Resources */ = {
			isa = PBXResourcesBuildPhase;
			buildActionMask = 2147483647;
			files = (
				4C7041DB256C74950010EA4C /* Preview Assets.xcassets in Resources */,
				4C7041D8256C74950010EA4C /* Assets.xcassets in Resources */,
			);
			runOnlyForDeploymentPostprocessing = 0;
		};
/* End PBXResourcesBuildPhase section */

/* Begin PBXSourcesBuildPhase section */
		4C7041CC256C74940010EA4C /* Sources */ = {
			isa = PBXSourcesBuildPhase;
			buildActionMask = 2147483647;
			files = (
				4C7041D6256C74940010EA4C /* ContentView.swift in Sources */,
				4C7041D4256C74940010EA4C /* KeyChainTestApp.swift in Sources */,
				4C9523DC257021F500454D9E /* BiometricKeychain.swift in Sources */,
			);
			runOnlyForDeploymentPostprocessing = 0;
		};
/* End PBXSourcesBuildPhase section */

/* Begin XCBuildConfiguration section */
		4C7041DD256C74950010EA4C /* Debug */ = {
			isa = XCBuildConfiguration;
			buildSettings = {
				ALWAYS_SEARCH_USER_PATHS = NO;
				CLANG_ANALYZER_NONNULL = YES;
				CLANG_ANALYZER_NUMBER_OBJECT_CONVERSION = YES_AGGRESSIVE;
				CLANG_CXX_LANGUAGE_STANDARD = "gnu++14";
				CLANG_CXX_LIBRARY = "libc++";
				CLANG_ENABLE_MODULES = YES;
				CLANG_ENABLE_OBJC_ARC = YES;
				CLANG_ENABLE_OBJC_WEAK = YES;
				CLANG_WARN_BLOCK_CAPTURE_AUTORELEASING = YES;
				CLANG_WARN_BOOL_CONVERSION = YES;
				CLANG_WARN_COMMA = YES;
				CLANG_WARN_CONSTANT_CONVERSION = YES;
				CLANG_WARN_DEPRECATED_OBJC_IMPLEMENTATIONS = YES;
				CLANG_WARN_DIRECT_OBJC_ISA_USAGE = YES_ERROR;
				CLANG_WARN_DOCUMENTATION_COMMENTS = YES;
				CLANG_WARN_EMPTY_BODY = YES;
				CLANG_WARN_ENUM_CONVERSION = YES;
				CLANG_WARN_INFINITE_RECURSION = YES;
				CLANG_WARN_INT_CONVERSION = YES;
				CLANG_WARN_NON_LITERAL_NULL_CONVERSION = YES;
				CLANG_WARN_OBJC_IMPLICIT_RETAIN_SELF = YES;
				CLANG_WARN_OBJC_LITERAL_CONVERSION = YES;
				CLANG_WARN_OBJC_ROOT_CLASS = YES_ERROR;
				CLANG_WARN_QUOTED_INCLUDE_IN_FRAMEWORK_HEADER = YES;
				CLANG_WARN_RANGE_LOOP_ANALYSIS = YES;
				CLANG_WARN_STRICT_PROTOTYPES = YES;
				CLANG_WARN_SUSPICIOUS_MOVE = YES;
				CLANG_WARN_UNGUARDED_AVAILABILITY = YES_AGGRESSIVE;
				CLANG_WARN_UNREACHABLE_CODE = YES;
				CLANG_WARN__DUPLICATE_METHOD_MATCH = YES;
				COPY_PHASE_STRIP = NO;
				DEBUG_INFORMATION_FORMAT = dwarf;
				ENABLE_STRICT_OBJC_MSGSEND = YES;
				ENABLE_TESTABILITY = YES;
				GCC_C_LANGUAGE_STANDARD = gnu11;
				GCC_DYNAMIC_NO_PIC = NO;
				GCC_NO_COMMON_BLOCKS = YES;
				GCC_OPTIMIZATION_LEVEL = 0;
				GCC_PREPROCESSOR_DEFINITIONS = (
					"DEBUG=1",
					"$(inherited)",
				);
				GCC_WARN_64_TO_32_BIT_CONVERSION = YES;
				GCC_WARN_ABOUT_RETURN_TYPE = YES_ERROR;
				GCC_WARN_UNDECLARED_SELECTOR = YES;
				GCC_WARN_UNINITIALIZED_AUTOS = YES_AGGRESSIVE;
				GCC_WARN_UNUSED_FUNCTION = YES;
				GCC_WARN_UNUSED_VARIABLE = YES;
				IPHONEOS_DEPLOYMENT_TARGET = 14.2;
				MTL_ENABLE_DEBUG_INFO = INCLUDE_SOURCE;
				MTL_FAST_MATH = YES;
				ONLY_ACTIVE_ARCH = YES;
				SDKROOT = iphoneos;
				SWIFT_ACTIVE_COMPILATION_CONDITIONS = DEBUG;
				SWIFT_OPTIMIZATION_LEVEL = "-Onone";
			};
			name = Debug;
		};
		4C7041DE256C74950010EA4C /* Release */ = {
			isa = XCBuildConfiguration;
			buildSettings = {
				ALWAYS_SEARCH_USER_PATHS = NO;
				CLANG_ANALYZER_NONNULL = YES;
				CLANG_ANALYZER_NUMBER_OBJECT_CONVERSION = YES_AGGRESSIVE;
				CLANG_CXX_LANGUAGE_STANDARD = "gnu++14";
				CLANG_CXX_LIBRARY = "libc++";
				CLANG_ENABLE_MODULES = YES;
				CLANG_ENABLE_OBJC_ARC = YES;
				CLANG_ENABLE_OBJC_WEAK = YES;
				CLANG_WARN_BLOCK_CAPTURE_AUTORELEASING = YES;
				CLANG_WARN_BOOL_CONVERSION = YES;
				CLANG_WARN_COMMA = YES;
				CLANG_WARN_CONSTANT_CONVERSION = YES;
				CLANG_WARN_DEPRECATED_OBJC_IMPLEMENTATIONS = YES;
				CLANG_WARN_DIRECT_OBJC_ISA_USAGE = YES_ERROR;
				CLANG_WARN_DOCUMENTATION_COMMENTS = YES;
				CLANG_WARN_EMPTY_BODY = YES;
				CLANG_WARN_ENUM_CONVERSION = YES;
				CLANG_WARN_INFINITE_RECURSION = YES;
				CLANG_WARN_INT_CONVERSION = YES;
				CLANG_WARN_NON_LITERAL_NULL_CONVERSION = YES;
				CLANG_WARN_OBJC_IMPLICIT_RETAIN_SELF = YES;
				CLANG_WARN_OBJC_LITERAL_CONVERSION = YES;
				CLANG_WARN_OBJC_ROOT_CLASS = YES_ERROR;
				CLANG_WARN_QUOTED_INCLUDE_IN_FRAMEWORK_HEADER = YES;
				CLANG_WARN_RANGE_LOOP_ANALYSIS = YES;
				CLANG_WARN_STRICT_PROTOTYPES = YES;
				CLANG_WARN_SUSPICIOUS_MOVE = YES;
				CLANG_WARN_UNGUARDED_AVAILABILITY = YES_AGGRESSIVE;
				CLANG_WARN_UNREACHABLE_CODE = YES;
				CLANG_WARN__DUPLICATE_METHOD_MATCH = YES;
				COPY_PHASE_STRIP = NO;
				DEBUG_INFORMATION_FORMAT = "dwarf-with-dsym";
				ENABLE_NS_ASSERTIONS = NO;
				ENABLE_STRICT_OBJC_MSGSEND = YES;
				GCC_C_LANGUAGE_STANDARD = gnu11;
				GCC_NO_COMMON_BLOCKS = YES;
				GCC_WARN_64_TO_32_BIT_CONVERSION = YES;
				GCC_WARN_ABOUT_RETURN_TYPE = YES_ERROR;
				GCC_WARN_UNDECLARED_SELECTOR = YES;
				GCC_WARN_UNINITIALIZED_AUTOS = YES_AGGRESSIVE;
				GCC_WARN_UNUSED_FUNCTION = YES;
				GCC_WARN_UNUSED_VARIABLE = YES;
				IPHONEOS_DEPLOYMENT_TARGET = 14.2;
				MTL_ENABLE_DEBUG_INFO = NO;
				MTL_FAST_MATH = YES;
				SDKROOT = iphoneos;
				SWIFT_COMPILATION_MODE = wholemodule;
				SWIFT_OPTIMIZATION_LEVEL = "-O";
				VALIDATE_PRODUCT = YES;
			};
			name = Release;
		};
		4C7041E0256C74950010EA4C /* Debug */ = {
			isa = XCBuildConfiguration;
			buildSettings = {
				ASSETCATALOG_COMPILER_APPICON_NAME = AppIcon;
				ASSETCATALOG_COMPILER_GLOBAL_ACCENT_COLOR_NAME = AccentColor;
				CODE_SIGN_STYLE = Automatic;
				DEVELOPMENT_ASSET_PATHS = "\"KeyChainTest/Preview Content\"";
				DEVELOPMENT_TEAM = 9ZVHDWC4WU;
				ENABLE_PREVIEWS = YES;
				INFOPLIST_FILE = KeyChainTest/Info.plist;
				IPHONEOS_DEPLOYMENT_TARGET = 14.0;
				LD_RUNPATH_SEARCH_PATHS = (
					"$(inherited)",
					"@executable_path/Frameworks",
				);
				PRODUCT_BUNDLE_IDENTIFIER = com.hmlong.KeyChainTest;
				PRODUCT_NAME = "$(TARGET_NAME)";
				SWIFT_VERSION = 5.0;
				TARGETED_DEVICE_FAMILY = "1,2";
			};
			name = Debug;
		};
		4C7041E1256C74950010EA4C /* Release */ = {
			isa = XCBuildConfiguration;
			buildSettings = {
				ASSETCATALOG_COMPILER_APPICON_NAME = AppIcon;
				ASSETCATALOG_COMPILER_GLOBAL_ACCENT_COLOR_NAME = AccentColor;
				CODE_SIGN_STYLE = Automatic;
				DEVELOPMENT_ASSET_PATHS = "\"KeyChainTest/Preview Content\"";
				DEVELOPMENT_TEAM = 9ZVHDWC4WU;
				ENABLE_PREVIEWS = YES;
				INFOPLIST_FILE = KeyChainTest/Info.plist;
				IPHONEOS_DEPLOYMENT_TARGET = 14.0;
				LD_RUNPATH_SEARCH_PATHS = (
					"$(inherited)",
					"@executable_path/Frameworks",
				);
				PRODUCT_BUNDLE_IDENTIFIER = com.hmlong.KeyChainTest;
				PRODUCT_NAME = "$(TARGET_NAME)";
				SWIFT_VERSION = 5.0;
				TARGETED_DEVICE_FAMILY = "1,2";
			};
			name = Release;
		};
/* End XCBuildConfiguration section */

/* Begin XCConfigurationList section */
		4C7041CB256C74940010EA4C /* Build configuration list for PBXProject "KeyChainTest" */ = {
			isa = XCConfigurationList;
			buildConfigurations = (
				4C7041DD256C74950010EA4C /* Debug */,
				4C7041DE256C74950010EA4C /* Release */,
			);
			defaultConfigurationIsVisible = 0;
			defaultConfigurationName = Release;
		};
		4C7041DF256C74950010EA4C /* Build configuration list for PBXNativeTarget "KeyChainTest" */ = {
			isa = XCConfigurationList;
			buildConfigurations = (
				4C7041E0256C74950010EA4C /* Debug */,
				4C7041E1256C74950010EA4C /* Release */,
			);
			defaultConfigurationIsVisible = 0;
			defaultConfigurationName = Release;
		};
/* End XCConfigurationList section */
	};
	rootObject = 4C7041C8256C74940010EA4C /* Project object */;
}
